
Microsoft Visual Studio Solution File, Format Version 12.00
# Visual Studio Version 16
VisualStudioVersion = 16.0.30320.27
MinimumVisualStudioVersion = 10.0.40219.1
Project("{FAE04EC0-301F-11D3-BF4B-00C04F79EFBC}") = "A133590.Ejercicio56", "A133590.Ejercicio56.csproj", "{432DA8F6-F17A-4B90-8846-CBA91B500826}"
EndProject
Global
	GlobalSection(SolutionConfigurationPlatforms) = preSolution
		Debug|Any CPU = Debug|Any CPU
		Release|Any CPU = Release|Any CPU
	EndGlobalSection
	GlobalSection(ProjectConfigurationPlatforms) = postSolution
		{432DA8F6-F17A-4B90-8846-CBA91B500826}.Debug|Any CPU.ActiveCfg = Debug|Any CPU
		{432DA8F6-F17A-4B90-8846-CBA91B500826}.Debug|Any CPU.Build.0 = Debug|Any CPU
		{432DA8F6-F17A-4B90-8846-CBA91B500826}.Release|Any CPU.ActiveCfg = Release|Any CPU
		{432DA8F6-F17A-4B90-8846-CBA91B500826}.Release|Any CPU.Build.0 = Release|Any CPU
	EndGlobalSection
	GlobalSection(SolutionProperties) = preSolution
		HideSolutionNode = FALSE
	EndGlobalSection
	GlobalSection(ExtensibilityGlobals) = postSolution
		SolutionGuid = {1F61C914-7E46-49A5-AC5A-474A3BD0F9DE}
	EndGlobalSection
EndGlobal
